
Microsoft Visual Studio Solution File, Format Version 12.00
# Visual Studio Version 16
VisualStudioVersion = 16.0.33027.164
MinimumVisualStudioVersion = 10.0.40219.1
Project("{FAE04EC0-301F-11D3-BF4B-00C04F79EFBC}") = "dsaproject", "dsaproject\dsaproject.csproj", "{5B10B7AB-47F5-4529-99AB-96D658E7A396}"
EndProject
Global
	GlobalSection(SolutionConfigurationPlatforms) = preSolution
		Debug|Any CPU = Debug|Any CPU
		Release|Any CPU = Release|Any CPU
	EndGlobalSection
	GlobalSection(ProjectConfigurationPlatforms) = postSolution
		{5B10B7AB-47F5-4529-99AB-96D658E7A396}.Debug|Any CPU.ActiveCfg = Debug|Any CPU
		{5B10B7AB-47F5-4529-99AB-96D658E7A396}.Debug|Any CPU.Build.0 = Debug|Any CPU
		{5B10B7AB-47F5-4529-99AB-96D658E7A396}.Release|Any CPU.ActiveCfg = Release|Any CPU
		{5B10B7AB-47F5-4529-99AB-96D658E7A396}.Release|Any CPU.Build.0 = Release|Any CPU
	EndGlobalSection
	GlobalSection(SolutionProperties) = preSolution
		HideSolutionNode = FALSE
	EndGlobalSection
	GlobalSection(ExtensibilityGlobals) = postSolution
		SolutionGuid = {C9117802-EA73-4562-8A21-DD3BE37D198E}
	EndGlobalSection
EndGlobal
